
Microsoft Visual Studio Solution File, Format Version 11.00
# Visual C# Express 2010
Project("{FAE04EC0-301F-11D3-BF4B-00C04F79EFBC}") = "Lynxmotion", "Lynxmotion\Lynxmotion.csproj", "{ACC49F8E-39F8-4B75-89DB-B4B91DA15671}"
EndProject
Project("{FAE04EC0-301F-11D3-BF4B-00C04F79EFBC}") = "TestLynxmotion", "TestLynxmotion\TestLynxmotion.csproj", "{56AC5AFD-6DFB-46B9-A9B7-ACEC11E418EE}"
EndProject
Global
	GlobalSection(SolutionConfigurationPlatforms) = preSolution
		Debug|Any CPU = Debug|Any CPU
		Release|Any CPU = Release|Any CPU
	EndGlobalSection
	GlobalSection(ProjectConfigurationPlatforms) = postSolution
		{ACC49F8E-39F8-4B75-89DB-B4B91DA15671}.Debug|Any CPU.ActiveCfg = Debug|Any CPU
		{ACC49F8E-39F8-4B75-89DB-B4B91DA15671}.Debug|Any CPU.Build.0 = Debug|Any CPU
		{ACC49F8E-39F8-4B75-89DB-B4B91DA15671}.Release|Any CPU.ActiveCfg = Release|Any CPU
		{ACC49F8E-39F8-4B75-89DB-B4B91DA15671}.Release|Any CPU.Build.0 = Release|Any CPU
		{56AC5AFD-6DFB-46B9-A9B7-ACEC11E418EE}.Debug|Any CPU.ActiveCfg = Debug|Any CPU
		{56AC5AFD-6DFB-46B9-A9B7-ACEC11E418EE}.Debug|Any CPU.Build.0 = Debug|Any CPU
		{56AC5AFD-6DFB-46B9-A9B7-ACEC11E418EE}.Release|Any CPU.ActiveCfg = Release|Any CPU
		{56AC5AFD-6DFB-46B9-A9B7-ACEC11E418EE}.Release|Any CPU.Build.0 = Release|Any CPU
	EndGlobalSection
	GlobalSection(SolutionProperties) = preSolution
		HideSolutionNode = FALSE
	EndGlobalSection
EndGlobal
